github.com/chzyer/flagx v0.0.0-20151217030329-ea3e843b14ef h1:YMDz5YdNgkiS7HeDbjW1+9SEAZ/R/Shkpxb7LpWIzBE=
github.com/chzyer/flagx v0.0.0-20151217030329-ea3e843b14ef/go.mod h1:lgM+a/so7vdDNSjQdDuNlztiIELmeG/MQNgvTdc+siA=
gopkg.in/logex.v1 v1.1.10 h1:wspNZImtG1i5tkn3LLhr9nSls8+JZZgDfv6+pAs36hY=
gopkg.in/logex.v1 v1.1.10/go.mod h1:m19AGWVneYrG9quxs81zm80ceftJajNTx2AQlfgNUFU=
